
Microsoft Visual Studio Solution File, Format Version 12.00
# Visual Studio 15
VisualStudioVersion = 15.0.27703.2042
MinimumVisualStudioVersion = 10.0.40219.1
Project("{FAE04EC0-301F-11D3-BF4B-00C04F79EFBC}") = "Ak.Framework.Core", "Ak.Framework.Core\Ak.Framework.Core.csproj", "{C4255DF0-E0D8-48F4-AA50-5AA018EBD47E}"
EndProject
Global
	GlobalSection(SolutionConfigurationPlatforms) = preSolution
		Debug|Any CPU = Debug|Any CPU
		Release|Any CPU = Release|Any CPU
	EndGlobalSection
	GlobalSection(ProjectConfigurationPlatforms) = postSolution
		{C4255DF0-E0D8-48F4-AA50-5AA018EBD47E}.Debug|Any CPU.ActiveCfg = Debug|Any CPU
		{C4255DF0-E0D8-48F4-AA50-5AA018EBD47E}.Debug|Any CPU.Build.0 = Debug|Any CPU
		{C4255DF0-E0D8-48F4-AA50-5AA018EBD47E}.Release|Any CPU.ActiveCfg = Release|Any CPU
		{C4255DF0-E0D8-48F4-AA50-5AA018EBD47E}.Release|Any CPU.Build.0 = Release|Any CPU
	EndGlobalSection
	GlobalSection(SolutionProperties) = preSolution
		HideSolutionNode = FALSE
	EndGlobalSection
	GlobalSection(ExtensibilityGlobals) = postSolution
		SolutionGuid = {33E4D20A-E91A-4B77-A7C6-0638B10AF12D}
	EndGlobalSection
EndGlobal
